
Microsoft Visual Studio Solution File, Format Version 12.00
# Visual Studio 15
VisualStudioVersion = 15.0.28010.2050
MinimumVisualStudioVersion = 10.0.40219.1
Project("{FAE04EC0-301F-11D3-BF4B-00C04F79EFBC}") = "AnimalsAndLegs", "AnimalsAndLegs\AnimalsAndLegs.csproj", "{9F62ABC5-43C7-4DFE-8849-7520B3E4594C}"
EndProject
Global
	GlobalSection(SolutionConfigurationPlatforms) = preSolution
		Debug|Any CPU = Debug|Any CPU
		Release|Any CPU = Release|Any CPU
	EndGlobalSection
	GlobalSection(ProjectConfigurationPlatforms) = postSolution
		{9F62ABC5-43C7-4DFE-8849-7520B3E4594C}.Debug|Any CPU.ActiveCfg = Debug|Any CPU
		{9F62ABC5-43C7-4DFE-8849-7520B3E4594C}.Debug|Any CPU.Build.0 = Debug|Any CPU
		{9F62ABC5-43C7-4DFE-8849-7520B3E4594C}.Release|Any CPU.ActiveCfg = Release|Any CPU
		{9F62ABC5-43C7-4DFE-8849-7520B3E4594C}.Release|Any CPU.Build.0 = Release|Any CPU
	EndGlobalSection
	GlobalSection(SolutionProperties) = preSolution
		HideSolutionNode = FALSE
	EndGlobalSection
	GlobalSection(ExtensibilityGlobals) = postSolution
		SolutionGuid = {EA9C22B1-6CBD-4734-9AE2-CB23EEEF9BB1}
	EndGlobalSection
EndGlobal
