
Microsoft Visual Studio Solution File, Format Version 12.00
# Visual Studio 15
VisualStudioVersion = 15.0.28010.2050
MinimumVisualStudioVersion = 10.0.40219.1
Project("{FAE04EC0-301F-11D3-BF4B-00C04F79EFBC}") = "AverageOfInput17", "AverageOfInput17\AverageOfInput17.csproj", "{40593755-9A57-4FD8-ADE2-90E7E1CD3700}"
EndProject
Global
	GlobalSection(SolutionConfigurationPlatforms) = preSolution
		Debug|Any CPU = Debug|Any CPU
		Release|Any CPU = Release|Any CPU
	EndGlobalSection
	GlobalSection(ProjectConfigurationPlatforms) = postSolution
		{40593755-9A57-4FD8-ADE2-90E7E1CD3700}.Debug|Any CPU.ActiveCfg = Debug|Any CPU
		{40593755-9A57-4FD8-ADE2-90E7E1CD3700}.Debug|Any CPU.Build.0 = Debug|Any CPU
		{40593755-9A57-4FD8-ADE2-90E7E1CD3700}.Release|Any CPU.ActiveCfg = Release|Any CPU
		{40593755-9A57-4FD8-ADE2-90E7E1CD3700}.Release|Any CPU.Build.0 = Release|Any CPU
	EndGlobalSection
	GlobalSection(SolutionProperties) = preSolution
		HideSolutionNode = FALSE
	EndGlobalSection
	GlobalSection(ExtensibilityGlobals) = postSolution
		SolutionGuid = {857C0973-505B-4FC9-A1FD-5A836FA78764}
	EndGlobalSection
EndGlobal
