
Microsoft Visual Studio Solution File, Format Version 12.00
# Visual Studio 15
VisualStudioVersion = 15.0.28010.2050
MinimumVisualStudioVersion = 10.0.40219.1
Project("{FAE04EC0-301F-11D3-BF4B-00C04F79EFBC}") = "DivideByZero", "DivideByZero\DivideByZero.csproj", "{8ECF02C9-98B7-4583-8CAC-813612E83123}"
EndProject
Global
	GlobalSection(SolutionConfigurationPlatforms) = preSolution
		Debug|Any CPU = Debug|Any CPU
		Release|Any CPU = Release|Any CPU
	EndGlobalSection
	GlobalSection(ProjectConfigurationPlatforms) = postSolution
		{8ECF02C9-98B7-4583-8CAC-813612E83123}.Debug|Any CPU.ActiveCfg = Debug|Any CPU
		{8ECF02C9-98B7-4583-8CAC-813612E83123}.Debug|Any CPU.Build.0 = Debug|Any CPU
		{8ECF02C9-98B7-4583-8CAC-813612E83123}.Release|Any CPU.ActiveCfg = Release|Any CPU
		{8ECF02C9-98B7-4583-8CAC-813612E83123}.Release|Any CPU.Build.0 = Release|Any CPU
	EndGlobalSection
	GlobalSection(SolutionProperties) = preSolution
		HideSolutionNode = FALSE
	EndGlobalSection
	GlobalSection(ExtensibilityGlobals) = postSolution
		SolutionGuid = {D70AA639-767B-4EC8-9E9C-B70AE7406807}
	EndGlobalSection
EndGlobal
