
Microsoft Visual Studio Solution File, Format Version 12.00
# Visual Studio 15
VisualStudioVersion = 15.0.28010.2050
MinimumVisualStudioVersion = 10.0.40219.1
Project("{FAE04EC0-301F-11D3-BF4B-00C04F79EFBC}") = "UrlFixer", "UrlFixer\UrlFixer.csproj", "{2B9069A2-4668-46DA-8C30-E78B43E68234}"
EndProject
Global
	GlobalSection(SolutionConfigurationPlatforms) = preSolution
		Debug|Any CPU = Debug|Any CPU
		Release|Any CPU = Release|Any CPU
	EndGlobalSection
	GlobalSection(ProjectConfigurationPlatforms) = postSolution
		{2B9069A2-4668-46DA-8C30-E78B43E68234}.Debug|Any CPU.ActiveCfg = Debug|Any CPU
		{2B9069A2-4668-46DA-8C30-E78B43E68234}.Debug|Any CPU.Build.0 = Debug|Any CPU
		{2B9069A2-4668-46DA-8C30-E78B43E68234}.Release|Any CPU.ActiveCfg = Release|Any CPU
		{2B9069A2-4668-46DA-8C30-E78B43E68234}.Release|Any CPU.Build.0 = Release|Any CPU
	EndGlobalSection
	GlobalSection(SolutionProperties) = preSolution
		HideSolutionNode = FALSE
	EndGlobalSection
	GlobalSection(ExtensibilityGlobals) = postSolution
		SolutionGuid = {7A94A69F-BD34-4634-9E4D-681EEAF6CF74}
	EndGlobalSection
EndGlobal
